
Microsoft Visual Studio Solution File, Format Version 12.00
# Visual Studio Version 17
VisualStudioVersion = 17.5.001.0
MinimumVisualStudioVersion = 10.0.40219.1
Project("{9A19103F-16F7-4668-BE54-9A1E7A4F7556}") = "CodinGameCSharp", "CodinGameCSharp.csproj", "{68BF2F63-08D2-4506-8D7D-AE667FA51927}"
EndProject
Global
	GlobalSection(SolutionConfigurationPlatforms) = preSolution
		Debug|Any CPU = Debug|Any CPU
		Release|Any CPU = Release|Any CPU
	EndGlobalSection
	GlobalSection(ProjectConfigurationPlatforms) = postSolution
		{68BF2F63-08D2-4506-8D7D-AE667FA51927}.Debug|Any CPU.ActiveCfg = Debug|Any CPU
		{68BF2F63-08D2-4506-8D7D-AE667FA51927}.Debug|Any CPU.Build.0 = Debug|Any CPU
		{68BF2F63-08D2-4506-8D7D-AE667FA51927}.Release|Any CPU.ActiveCfg = Release|Any CPU
		{68BF2F63-08D2-4506-8D7D-AE667FA51927}.Release|Any CPU.Build.0 = Release|Any CPU
	EndGlobalSection
	GlobalSection(SolutionProperties) = preSolution
		HideSolutionNode = FALSE
	EndGlobalSection
	GlobalSection(ExtensibilityGlobals) = postSolution
		SolutionGuid = {077785F6-DD31-45C3-89DB-E2A118C2C688}
	EndGlobalSection
EndGlobal
